// !$*UTF8*$!
{
	archiveVersion = 1;
	classes = {
	};
	objectVersion = 56;
	objects = {

/* Begin PBXBuildFile section */
		381D476E2BC187BE00B8E334 /* ManagerTests.swift in Sources */ = {isa = PBXBuildFile; fileRef = 381D476D2BC187BE00B8E334 /* ManagerTests.swift */; };
		381D47702BC20BE200B8E334 /* StorageProvider.swift in Sources */ = {isa = PBXBuildFile; fileRef = 381D476F2BC20BE200B8E334 /* StorageProvider.swift */; };
		381D47722BC20BFA00B8E334 /* Remover.swift in Sources */ = {isa = PBXBuildFile; fileRef = 381D47712BC20BFA00B8E334 /* Remover.swift */; };
		3879E8C52BDFC7B10034962C /* ConccurentManagerProvider.swift in Sources */ = {isa = PBXBuildFile; fileRef = 3879E8C42BDFC7B10034962C /* ConccurentManagerProvider.swift */; };
		389A756B2BBB700E00147A89 /* RemoverTests.swift in Sources */ = {isa = PBXBuildFile; fileRef = 389A756A2BBB700E00147A89 /* RemoverTests.swift */; };
		38B395D82BB583CE00E21F56 /* AppDelegate.swift in Sources */ = {isa = PBXBuildFile; fileRef = 38B395D72BB583CE00E21F56 /* AppDelegate.swift */; };
		38B395DC2BB583CF00E21F56 /* Assets.xcassets in Resources */ = {isa = PBXBuildFile; fileRef = 38B395DB2BB583CF00E21F56 /* Assets.xcassets */; };
		38B396042BB5856200E21F56 /* ManagerProvider.swift in Sources */ = {isa = PBXBuildFile; fileRef = 38B396032BB5856200E21F56 /* ManagerProvider.swift */; };
/* End PBXBuildFile section */

/* Begin PBXContainerItemProxy section */
		38B395E62BB583CF00E21F56 /* PBXContainerItemProxy */ = {
			isa = PBXContainerItemProxy;
			containerPortal = 38B395CC2BB583CE00E21F56 /* Project object */;
			proxyType = 1;
			remoteGlobalIDString = 38B395D32BB583CE00E21F56;
			remoteInfo = Cache;
		};
/* End PBXContainerItemProxy section */

/* Begin PBXFileReference section */
		381D476D2BC187BE00B8E334 /* ManagerTests.swift */ = {isa = PBXFileReference; lastKnownFileType = sourcecode.swift; path = ManagerTests.swift; sourceTree = "<group>"; };
		381D476F2BC20BE200B8E334 /* StorageProvider.swift */ = {isa = PBXFileReference; lastKnownFileType = sourcecode.swift; path = StorageProvider.swift; sourceTree = "<group>"; };
		381D47712BC20BFA00B8E334 /* Remover.swift */ = {isa = PBXFileReference; lastKnownFileType = sourcecode.swift; path = Remover.swift; sourceTree = "<group>"; };
		3879E8C42BDFC7B10034962C /* ConccurentManagerProvider.swift */ = {isa = PBXFileReference; lastKnownFileType = sourcecode.swift; path = ConccurentManagerProvider.swift; sourceTree = "<group>"; };
		389A756A2BBB700E00147A89 /* RemoverTests.swift */ = {isa = PBXFileReference; lastKnownFileType = sourcecode.swift; path = RemoverTests.swift; sourceTree = "<group>"; };
		38B395D42BB583CE00E21F56 /* StorageProvider.app */ = {isa = PBXFileReference; explicitFileType = wrapper.application; includeInIndex = 0; path = StorageProvider.app; sourceTree = BUILT_PRODUCTS_DIR; };
		38B395D72BB583CE00E21F56 /* AppDelegate.swift */ = {isa = PBXFileReference; lastKnownFileType = sourcecode.swift; path = AppDelegate.swift; sourceTree = "<group>"; };
		38B395DB2BB583CF00E21F56 /* Assets.xcassets */ = {isa = PBXFileReference; lastKnownFileType = folder.assetcatalog; path = Assets.xcassets; sourceTree = "<group>"; };
		38B395E02BB583CF00E21F56 /* StorageProvider.entitlements */ = {isa = PBXFileReference; lastKnownFileType = text.plist.entitlements; path = StorageProvider.entitlements; sourceTree = "<group>"; };
		38B395E52BB583CF00E21F56 /* StorageProviderTests.xctest */ = {isa = PBXFileReference; explicitFileType = wrapper.cfbundle; includeInIndex = 0; path = StorageProviderTests.xctest; sourceTree = BUILT_PRODUCTS_DIR; };
		38B396022BB5842A00E21F56 /* StorageProvider.xctestplan */ = {isa = PBXFileReference; lastKnownFileType = text; path = StorageProvider.xctestplan; sourceTree = "<group>"; };
		38B396032BB5856200E21F56 /* ManagerProvider.swift */ = {isa = PBXFileReference; lastKnownFileType = sourcecode.swift; path = ManagerProvider.swift; sourceTree = "<group>"; };
/* End PBXFileReference section */

/* Begin PBXFrameworksBuildPhase section */
		38B395D12BB583CE00E21F56 /* Frameworks */ = {
			isa = PBXFrameworksBuildPhase;
			buildActionMask = 2147483647;
			files = (
			);
			runOnlyForDeploymentPostprocessing = 0;
		};
		38B395E22BB583CF00E21F56 /* Frameworks */ = {
			isa = PBXFrameworksBuildPhase;
			buildActionMask = 2147483647;
			files = (
			);
			runOnlyForDeploymentPostprocessing = 0;
		};
/* End PBXFrameworksBuildPhase section */

/* Begin PBXGroup section */
		38B395CB2BB583CD00E21F56 = {
			isa = PBXGroup;
			children = (
				38B396022BB5842A00E21F56 /* StorageProvider.xctestplan */,
				38B395D62BB583CE00E21F56 /* StorageProvider */,
				38B395E82BB583CF00E21F56 /* StorageProviderTests */,
				38B395D52BB583CE00E21F56 /* Products */,
			);
			sourceTree = "<group>";
		};
		38B395D52BB583CE00E21F56 /* Products */ = {
			isa = PBXGroup;
			children = (
				38B395D42BB583CE00E21F56 /* StorageProvider.app */,
				38B395E52BB583CF00E21F56 /* StorageProviderTests.xctest */,
			);
			name = Products;
			sourceTree = "<group>";
		};
		38B395D62BB583CE00E21F56 /* StorageProvider */ = {
			isa = PBXGroup;
			children = (
				38B395D72BB583CE00E21F56 /* AppDelegate.swift */,
				38B395DB2BB583CF00E21F56 /* Assets.xcassets */,
				38B395E02BB583CF00E21F56 /* StorageProvider.entitlements */,
				38B396032BB5856200E21F56 /* ManagerProvider.swift */,
				3879E8C42BDFC7B10034962C /* ConccurentManagerProvider.swift */,
				381D476F2BC20BE200B8E334 /* StorageProvider.swift */,
				381D47712BC20BFA00B8E334 /* Remover.swift */,
			);
			path = StorageProvider;
			sourceTree = "<group>";
		};
		38B395E82BB583CF00E21F56 /* StorageProviderTests */ = {
			isa = PBXGroup;
			children = (
				389A756A2BBB700E00147A89 /* RemoverTests.swift */,
				381D476D2BC187BE00B8E334 /* ManagerTests.swift */,
			);
			path = StorageProviderTests;
			sourceTree = "<group>";
		};
/* End PBXGroup section */

/* Begin PBXNativeTarget section */
		38B395D32BB583CE00E21F56 /* StorageProvider */ = {
			isa = PBXNativeTarget;
			buildConfigurationList = 38B395F92BB583CF00E21F56 /* Build configuration list for PBXNativeTarget "StorageProvider" */;
			buildPhases = (
				38B395D02BB583CE00E21F56 /* Sources */,
				38B395D12BB583CE00E21F56 /* Frameworks */,
				38B395D22BB583CE00E21F56 /* Resources */,
			);
			buildRules = (
			);
			dependencies = (
			);
			name = StorageProvider;
			productName = Cache;
			productReference = 38B395D42BB583CE00E21F56 /* StorageProvider.app */;
			productType = "com.apple.product-type.application";
		};
		38B395E42BB583CF00E21F56 /* StorageProviderTests */ = {
			isa = PBXNativeTarget;
			buildConfigurationList = 38B395FC2BB583CF00E21F56 /* Build configuration list for PBXNativeTarget "StorageProviderTests" */;
			buildPhases = (
				38B395E12BB583CF00E21F56 /* Sources */,
				38B395E22BB583CF00E21F56 /* Frameworks */,
				38B395E32BB583CF00E21F56 /* Resources */,
			);
			buildRules = (
			);
			dependencies = (
				38B395E72BB583CF00E21F56 /* PBXTargetDependency */,
			);
			name = StorageProviderTests;
			productName = CacheTests;
			productReference = 38B395E52BB583CF00E21F56 /* StorageProviderTests.xctest */;
			productType = "com.apple.product-type.bundle.unit-test";
		};
/* End PBXNativeTarget section */

/* Begin PBXProject section */
		38B395CC2BB583CE00E21F56 /* Project object */ = {
			isa = PBXProject;
			attributes = {
				BuildIndependentTargetsInParallel = 1;
				LastSwiftUpdateCheck = 1530;
				LastUpgradeCheck = 1530;
				TargetAttributes = {
					38B395D32BB583CE00E21F56 = {
						CreatedOnToolsVersion = 15.3;
					};
					38B395E42BB583CF00E21F56 = {
						CreatedOnToolsVersion = 15.3;
						LastSwiftMigration = 1530;
						TestTargetID = 38B395D32BB583CE00E21F56;
					};
				};
			};
			buildConfigurationList = 38B395CF2BB583CE00E21F56 /* Build configuration list for PBXProject "StorageProvider" */;
			compatibilityVersion = "Xcode 14.0";
			developmentRegion = en;
			hasScannedForEncodings = 0;
			knownRegions = (
				en,
				Base,
			);
			mainGroup = 38B395CB2BB583CD00E21F56;
			productRefGroup = 38B395D52BB583CE00E21F56 /* Products */;
			projectDirPath = "";
			projectRoot = "";
			targets = (
				38B395D32BB583CE00E21F56 /* StorageProvider */,
				38B395E42BB583CF00E21F56 /* StorageProviderTests */,
			);
		};
/* End PBXProject section */

/* Begin PBXResourcesBuildPhase section */
		38B395D22BB583CE00E21F56 /* Resources */ = {
			isa = PBXResourcesBuildPhase;
			buildActionMask = 2147483647;
			files = (
				38B395DC2BB583CF00E21F56 /* Assets.xcassets in Resources */,
			);
			runOnlyForDeploymentPostprocessing = 0;
		};
		38B395E32BB583CF00E21F56 /* Resources */ = {
			isa = PBXResourcesBuildPhase;
			buildActionMask = 2147483647;
			files = (
			);
			runOnlyForDeploymentPostprocessing = 0;
		};
/* End PBXResourcesBuildPhase section */

/* Begin PBXSourcesBuildPhase section */
		38B395D02BB583CE00E21F56 /* Sources */ = {
			isa = PBXSourcesBuildPhase;
			buildActionMask = 2147483647;
			files = (
				381D47722BC20BFA00B8E334 /* Remover.swift in Sources */,
				38B396042BB5856200E21F56 /* ManagerProvider.swift in Sources */,
				3879E8C52BDFC7B10034962C /* ConccurentManagerProvider.swift in Sources */,
				381D47702BC20BE200B8E334 /* StorageProvider.swift in Sources */,
				38B395D82BB583CE00E21F56 /* AppDelegate.swift in Sources */,
			);
			runOnlyForDeploymentPostprocessing = 0;
		};
		38B395E12BB583CF00E21F56 /* Sources */ = {
			isa = PBXSourcesBuildPhase;
			buildActionMask = 2147483647;
			files = (
				389A756B2BBB700E00147A89 /* RemoverTests.swift in Sources */,
				381D476E2BC187BE00B8E334 /* ManagerTests.swift in Sources */,
			);
			runOnlyForDeploymentPostprocessing = 0;
		};
/* End PBXSourcesBuildPhase section */

/* Begin PBXTargetDependency section */
		38B395E72BB583CF00E21F56 /* PBXTargetDependency */ = {
			isa = PBXTargetDependency;
			target = 38B395D32BB583CE00E21F56 /* StorageProvider */;
			targetProxy = 38B395E62BB583CF00E21F56 /* PBXContainerItemProxy */;
		};
/* End PBXTargetDependency section */

/* Begin XCBuildConfiguration section */
		38B395F72BB583CF00E21F56 /* Debug */ = {
			isa = XCBuildConfiguration;
			buildSettings = {
				ALWAYS_SEARCH_USER_PATHS = NO;
				ASSETCATALOG_COMPILER_GENERATE_SWIFT_ASSET_SYMBOL_EXTENSIONS = YES;
				CLANG_ANALYZER_NONNULL = YES;
				CLANG_ANALYZER_NUMBER_OBJECT_CONVERSION = YES_AGGRESSIVE;
				CLANG_CXX_LANGUAGE_STANDARD = "gnu++20";
				CLANG_ENABLE_MODULES = YES;
				CLANG_ENABLE_OBJC_ARC = YES;
				CLANG_ENABLE_OBJC_WEAK = YES;
				CLANG_WARN_BLOCK_CAPTURE_AUTORELEASING = YES;
				CLANG_WARN_BOOL_CONVERSION = YES;
				CLANG_WARN_COMMA = YES;
				CLANG_WARN_CONSTANT_CONVERSION = YES;
				CLANG_WARN_DEPRECATED_OBJC_IMPLEMENTATIONS = YES;
				CLANG_WARN_DIRECT_OBJC_ISA_USAGE = YES_ERROR;
				CLANG_WARN_DOCUMENTATION_COMMENTS = YES;
				CLANG_WARN_EMPTY_BODY = YES;
				CLANG_WARN_ENUM_CONVERSION = YES;
				CLANG_WARN_INFINITE_RECURSION = YES;
				CLANG_WARN_INT_CONVERSION = YES;
				CLANG_WARN_NON_LITERAL_NULL_CONVERSION = YES;
				CLANG_WARN_OBJC_IMPLICIT_RETAIN_SELF = YES;
				CLANG_WARN_OBJC_LITERAL_CONVERSION = YES;
				CLANG_WARN_OBJC_ROOT_CLASS = YES_ERROR;
				CLANG_WARN_QUOTED_INCLUDE_IN_FRAMEWORK_HEADER = YES;
				CLANG_WARN_RANGE_LOOP_ANALYSIS = YES;
				CLANG_WARN_STRICT_PROTOTYPES = YES;
				CLANG_WARN_SUSPICIOUS_MOVE = YES;
				CLANG_WARN_UNGUARDED_AVAILABILITY = YES_AGGRESSIVE;
				CLANG_WARN_UNREACHABLE_CODE = YES;
				CLANG_WARN__DUPLICATE_METHOD_MATCH = YES;
				COPY_PHASE_STRIP = NO;
				DEBUG_INFORMATION_FORMAT = dwarf;
				ENABLE_STRICT_OBJC_MSGSEND = YES;
				ENABLE_TESTABILITY = YES;
				ENABLE_USER_SCRIPT_SANDBOXING = YES;
				GCC_C_LANGUAGE_STANDARD = gnu17;
				GCC_DYNAMIC_NO_PIC = NO;
				GCC_NO_COMMON_BLOCKS = YES;
				GCC_OPTIMIZATION_LEVEL = 0;
				GCC_PREPROCESSOR_DEFINITIONS = (
					"DEBUG=1",
					"$(inherited)",
				);
				GCC_WARN_64_TO_32_BIT_CONVERSION = YES;
				GCC_WARN_ABOUT_RETURN_TYPE = YES_ERROR;
				GCC_WARN_UNDECLARED_SELECTOR = YES;
				GCC_WARN_UNINITIALIZED_AUTOS = YES_AGGRESSIVE;
				GCC_WARN_UNUSED_FUNCTION = YES;
				GCC_WARN_UNUSED_VARIABLE = YES;
				LOCALIZATION_PREFERS_STRING_CATALOGS = YES;
				MACOSX_DEPLOYMENT_TARGET = 14.2;
				MTL_ENABLE_DEBUG_INFO = INCLUDE_SOURCE;
				MTL_FAST_MATH = YES;
				ONLY_ACTIVE_ARCH = YES;
				SDKROOT = macosx;
				SWIFT_ACTIVE_COMPILATION_CONDITIONS = "DEBUG $(inherited)";
				SWIFT_OPTIMIZATION_LEVEL = "-Onone";
			};
			name = Debug;
		};
		38B395F82BB583CF00E21F56 /* Release */ = {
			isa = XCBuildConfiguration;
			buildSettings = {
				ALWAYS_SEARCH_USER_PATHS = NO;
				ASSETCATALOG_COMPILER_GENERATE_SWIFT_ASSET_SYMBOL_EXTENSIONS = YES;
				CLANG_ANALYZER_NONNULL = YES;
				CLANG_ANALYZER_NUMBER_OBJECT_CONVERSION = YES_AGGRESSIVE;
				CLANG_CXX_LANGUAGE_STANDARD = "gnu++20";
				CLANG_ENABLE_MODULES = YES;
				CLANG_ENABLE_OBJC_ARC = YES;
				CLANG_ENABLE_OBJC_WEAK = YES;
				CLANG_WARN_BLOCK_CAPTURE_AUTORELEASING = YES;
				CLANG_WARN_BOOL_CONVERSION = YES;
				CLANG_WARN_COMMA = YES;
				CLANG_WARN_CONSTANT_CONVERSION = YES;
				CLANG_WARN_DEPRECATED_OBJC_IMPLEMENTATIONS = YES;
				CLANG_WARN_DIRECT_OBJC_ISA_USAGE = YES_ERROR;
				CLANG_WARN_DOCUMENTATION_COMMENTS = YES;
				CLANG_WARN_EMPTY_BODY = YES;
				CLANG_WARN_ENUM_CONVERSION = YES;
				CLANG_WARN_INFINITE_RECURSION = YES;
				CLANG_WARN_INT_CONVERSION = YES;
				CLANG_WARN_NON_LITERAL_NULL_CONVERSION = YES;
				CLANG_WARN_OBJC_IMPLICIT_RETAIN_SELF = YES;
				CLANG_WARN_OBJC_LITERAL_CONVERSION = YES;
				CLANG_WARN_OBJC_ROOT_CLASS = YES_ERROR;
				CLANG_WARN_QUOTED_INCLUDE_IN_FRAMEWORK_HEADER = YES;
				CLANG_WARN_RANGE_LOOP_ANALYSIS = YES;
				CLANG_WARN_STRICT_PROTOTYPES = YES;
				CLANG_WARN_SUSPICIOUS_MOVE = YES;
				CLANG_WARN_UNGUARDED_AVAILABILITY = YES_AGGRESSIVE;
				CLANG_WARN_UNREACHABLE_CODE = YES;
				CLANG_WARN__DUPLICATE_METHOD_MATCH = YES;
				COPY_PHASE_STRIP = NO;
				DEBUG_INFORMATION_FORMAT = "dwarf-with-dsym";
				ENABLE_NS_ASSERTIONS = NO;
				ENABLE_STRICT_OBJC_MSGSEND = YES;
				ENABLE_USER_SCRIPT_SANDBOXING = YES;
				GCC_C_LANGUAGE_STANDARD = gnu17;
				GCC_NO_COMMON_BLOCKS = YES;
				GCC_WARN_64_TO_32_BIT_CONVERSION = YES;
				GCC_WARN_ABOUT_RETURN_TYPE = YES_ERROR;
				GCC_WARN_UNDECLARED_SELECTOR = YES;
				GCC_WARN_UNINITIALIZED_AUTOS = YES_AGGRESSIVE;
				GCC_WARN_UNUSED_FUNCTION = YES;
				GCC_WARN_UNUSED_VARIABLE = YES;
				LOCALIZATION_PREFERS_STRING_CATALOGS = YES;
				MACOSX_DEPLOYMENT_TARGET = 14.2;
				MTL_ENABLE_DEBUG_INFO = NO;
				MTL_FAST_MATH = YES;
				SDKROOT = macosx;
				SWIFT_COMPILATION_MODE = wholemodule;
			};
			name = Release;
		};
		38B395FA2BB583CF00E21F56 /* Debug */ = {
			isa = XCBuildConfiguration;
			buildSettings = {
				ASSETCATALOG_COMPILER_APPICON_NAME = AppIcon;
				ASSETCATALOG_COMPILER_GLOBAL_ACCENT_COLOR_NAME = AccentColor;
				CODE_SIGN_ENTITLEMENTS = StorageProvider/StorageProvider.entitlements;
				"CODE_SIGN_IDENTITY[sdk=macosx*]" = "Apple Development";
				CODE_SIGN_STYLE = Automatic;
				COMBINE_HIDPI_IMAGES = YES;
				CURRENT_PROJECT_VERSION = 1;
				DEVELOPMENT_TEAM = XWYX5D2GFA;
				ENABLE_HARDENED_RUNTIME = YES;
				GENERATE_INFOPLIST_FILE = YES;
				INFOPLIST_KEY_NSHumanReadableCopyright = "";
				INFOPLIST_KEY_NSPrincipalClass = NSApplication;
				LD_RUNPATH_SEARCH_PATHS = (
					"$(inherited)",
					"@executable_path/../Frameworks",
				);
				MARKETING_VERSION = 1.0;
				PRODUCT_BUNDLE_IDENTIFIER = Vosik.StorageProvider;
				PRODUCT_NAME = "$(TARGET_NAME)";
				SWIFT_EMIT_LOC_STRINGS = YES;
				SWIFT_VERSION = 5.0;
			};
			name = Debug;
		};
		38B395FB2BB583CF00E21F56 /* Release */ = {
			isa = XCBuildConfiguration;
			buildSettings = {
				ASSETCATALOG_COMPILER_APPICON_NAME = AppIcon;
				ASSETCATALOG_COMPILER_GLOBAL_ACCENT_COLOR_NAME = AccentColor;
				CODE_SIGN_ENTITLEMENTS = StorageProvider/StorageProvider.entitlements;
				"CODE_SIGN_IDENTITY[sdk=macosx*]" = "Apple Development";
				CODE_SIGN_STYLE = Automatic;
				COMBINE_HIDPI_IMAGES = YES;
				CURRENT_PROJECT_VERSION = 1;
				DEVELOPMENT_TEAM = XWYX5D2GFA;
				ENABLE_HARDENED_RUNTIME = YES;
				GENERATE_INFOPLIST_FILE = YES;
				INFOPLIST_KEY_NSHumanReadableCopyright = "";
				INFOPLIST_KEY_NSPrincipalClass = NSApplication;
				LD_RUNPATH_SEARCH_PATHS = (
					"$(inherited)",
					"@executable_path/../Frameworks",
				);
				MARKETING_VERSION = 1.0;
				PRODUCT_BUNDLE_IDENTIFIER = Vosik.StorageProvider;
				PRODUCT_NAME = "$(TARGET_NAME)";
				SWIFT_EMIT_LOC_STRINGS = YES;
				SWIFT_VERSION = 5.0;
			};
			name = Release;
		};
		38B395FD2BB583CF00E21F56 /* Debug */ = {
			isa = XCBuildConfiguration;
			buildSettings = {
				ALWAYS_EMBED_SWIFT_STANDARD_LIBRARIES = YES;
				BUNDLE_LOADER = "$(TEST_HOST)";
				CLANG_ENABLE_MODULES = YES;
				CODE_SIGN_STYLE = Automatic;
				CURRENT_PROJECT_VERSION = 1;
				DEVELOPMENT_TEAM = XWYX5D2GFA;
				GENERATE_INFOPLIST_FILE = YES;
				MACOSX_DEPLOYMENT_TARGET = 14.2;
				MARKETING_VERSION = 1.0;
				PRODUCT_BUNDLE_IDENTIFIER = Vosik.StorageProviderTests;
				PRODUCT_NAME = "$(TARGET_NAME)";
				SWIFT_EMIT_LOC_STRINGS = NO;
				SWIFT_OPTIMIZATION_LEVEL = "-Onone";
				SWIFT_VERSION = 5.0;
				TEST_HOST = "$(BUILT_PRODUCTS_DIR)/StorageProvider.app/$(BUNDLE_EXECUTABLE_FOLDER_PATH)/StorageProvider";
			};
			name = Debug;
		};
		38B395FE2BB583CF00E21F56 /* Release */ = {
			isa = XCBuildConfiguration;
			buildSettings = {
				ALWAYS_EMBED_SWIFT_STANDARD_LIBRARIES = YES;
				BUNDLE_LOADER = "$(TEST_HOST)";
				CLANG_ENABLE_MODULES = YES;
				CODE_SIGN_STYLE = Automatic;
				CURRENT_PROJECT_VERSION = 1;
				DEVELOPMENT_TEAM = XWYX5D2GFA;
				GENERATE_INFOPLIST_FILE = YES;
				MACOSX_DEPLOYMENT_TARGET = 14.2;
				MARKETING_VERSION = 1.0;
				PRODUCT_BUNDLE_IDENTIFIER = Vosik.StorageProviderTests;
				PRODUCT_NAME = "$(TARGET_NAME)";
				SWIFT_EMIT_LOC_STRINGS = NO;
				SWIFT_VERSION = 5.0;
				TEST_HOST = "$(BUILT_PRODUCTS_DIR)/StorageProvider.app/$(BUNDLE_EXECUTABLE_FOLDER_PATH)/StorageProvider";
			};
			name = Release;
		};
/* End XCBuildConfiguration section */

/* Begin XCConfigurationList section */
		38B395CF2BB583CE00E21F56 /* Build configuration list for PBXProject "StorageProvider" */ = {
			isa = XCConfigurationList;
			buildConfigurations = (
				38B395F72BB583CF00E21F56 /* Debug */,
				38B395F82BB583CF00E21F56 /* Release */,
			);
			defaultConfigurationIsVisible = 0;
			defaultConfigurationName = Release;
		};
		38B395F92BB583CF00E21F56 /* Build configuration list for PBXNativeTarget "StorageProvider" */ = {
			isa = XCConfigurationList;
			buildConfigurations = (
				38B395FA2BB583CF00E21F56 /* Debug */,
				38B395FB2BB583CF00E21F56 /* Release */,
			);
			defaultConfigurationIsVisible = 0;
			defaultConfigurationName = Release;
		};
		38B395FC2BB583CF00E21F56 /* Build configuration list for PBXNativeTarget "StorageProviderTests" */ = {
			isa = XCConfigurationList;
			buildConfigurations = (
				38B395FD2BB583CF00E21F56 /* Debug */,
				38B395FE2BB583CF00E21F56 /* Release */,
			);
			defaultConfigurationIsVisible = 0;
			defaultConfigurationName = Release;
		};
/* End XCConfigurationList section */
	};
	rootObject = 38B395CC2BB583CE00E21F56 /* Project object */;
}
